// !$*UTF8*$!
{
	archiveVersion = 1;
	classes = {
	};
	objectVersion = 46;
	objects = {

/* Begin PBXBuildFile section */
		C9A48147187A642B005CFA27 /* Foundation.framework in Frameworks */ = {isa = PBXBuildFile; fileRef = C9A48146187A642B005CFA27 /* Foundation.framework */; };
		C9A48149187A642B005CFA27 /* CoreGraphics.framework in Frameworks */ = {isa = PBXBuildFile; fileRef = C9A48148187A642B005CFA27 /* CoreGraphics.framework */; };
		C9A4814B187A642B005CFA27 /* UIKit.framework in Frameworks */ = {isa = PBXBuildFile; fileRef = C9A4814A187A642B005CFA27 /* UIKit.framework */; };
		C9A48151187A642B005CFA27 /* InfoPlist.strings in Resources */ = {isa = PBXBuildFile; fileRef = C9A4814F187A642B005CFA27 /* InfoPlist.strings */; };
		C9A48153187A642B005CFA27 /* main.m in Sources */ = {isa = PBXBuildFile; fileRef = C9A48152187A642B005CFA27 /* main.m */; };
		C9A48157187A642B005CFA27 /* AppDelegate.m in Sources */ = {isa = PBXBuildFile; fileRef = C9A48156187A642B005CFA27 /* AppDelegate.m */; };
		C9A4815D187A642B005CFA27 /* ViewController.m in Sources */ = {isa = PBXBuildFile; fileRef = C9A4815C187A642B005CFA27 /* ViewController.m */; };
		C9A4815F187A642B005CFA27 /* Images.xcassets in Resources */ = {isa = PBXBuildFile; fileRef = C9A4815E187A642B005CFA27 /* Images.xcassets */; };
		C9A48166187A642B005CFA27 /* XCTest.framework in Frameworks */ = {isa = PBXBuildFile; fileRef = C9A48165187A642B005CFA27 /* XCTest.framework */; };
		C9A48167187A642B005CFA27 /* Foundation.framework in Frameworks */ = {isa = PBXBuildFile; fileRef = C9A48146187A642B005CFA27 /* Foundation.framework */; };
		C9A48168187A642B005CFA27 /* UIKit.framework in Frameworks */ = {isa = PBXBuildFile; fileRef = C9A4814A187A642B005CFA27 /* UIKit.framework */; };
		C9A48170187A642B005CFA27 /* InfoPlist.strings in Resources */ = {isa = PBXBuildFile; fileRef = C9A4816E187A642B005CFA27 /* InfoPlist.strings */; };
		C9A48172187A642B005CFA27 /* TestNaviControllerTests.m in Sources */ = {isa = PBXBuildFile; fileRef = C9A48171187A642B005CFA27 /* TestNaviControllerTests.m */; };
		C9A4817C187A66D4005CFA27 /* ViewController.xib in Resources */ = {isa = PBXBuildFile; fileRef = C9A4817B187A66D4005CFA27 /* ViewController.xib */; };
		C9A48180187A67CB005CFA27 /* NaviController.m in Sources */ = {isa = PBXBuildFile; fileRef = C9A4817F187A67CB005CFA27 /* NaviController.m */; };
		C9A48184187A790C005CFA27 /* ViewController2.m in Sources */ = {isa = PBXBuildFile; fileRef = C9A48182187A790C005CFA27 /* ViewController2.m */; };
		C9A48185187A790C005CFA27 /* ViewController2.xib in Resources */ = {isa = PBXBuildFile; fileRef = C9A48183187A790C005CFA27 /* ViewController2.xib */; };
/* End PBXBuildFile section */

/* Begin PBXContainerItemProxy section */
		C9A48169187A642B005CFA27 /* PBXContainerItemProxy */ = {
			isa = PBXContainerItemProxy;
			containerPortal = C9A4813B187A642A005CFA27 /* Project object */;
			proxyType = 1;
			remoteGlobalIDString = C9A48142187A642B005CFA27;
			remoteInfo = TestNaviController;
		};
/* End PBXContainerItemProxy section */

/* Begin PBXFileReference section */
		C9A48143187A642B005CFA27 /* TestNaviController.app */ = {isa = PBXFileReference; explicitFileType = wrapper.application; includeInIndex = 0; path = TestNaviController.app; sourceTree = BUILT_PRODUCTS_DIR; };
		C9A48146187A642B005CFA27 /* Foundation.framework */ = {isa = PBXFileReference; lastKnownFileType = wrapper.framework; name = Foundation.framework; path = System/Library/Frameworks/Foundation.framework; sourceTree = SDKROOT; };
		C9A48148187A642B005CFA27 /* CoreGraphics.framework */ = {isa = PBXFileReference; lastKnownFileType = wrapper.framework; name = CoreGraphics.framework; path = System/Library/Frameworks/CoreGraphics.framework; sourceTree = SDKROOT; };
		C9A4814A187A642B005CFA27 /* UIKit.framework */ = {isa = PBXFileReference; lastKnownFileType = wrapper.framework; name = UIKit.framework; path = System/Library/Frameworks/UIKit.framework; sourceTree = SDKROOT; };
		C9A4814E187A642B005CFA27 /* TestNaviController-Info.plist */ = {isa = PBXFileReference; lastKnownFileType = text.plist.xml; path = "TestNaviController-Info.plist"; sourceTree = "<group>"; };
		C9A48150187A642B005CFA27 /* en */ = {isa = PBXFileReference; lastKnownFileType = text.plist.strings; name = en; path = en.lproj/InfoPlist.strings; sourceTree = "<group>"; };
		C9A48152187A642B005CFA27 /* main.m */ = {isa = PBXFileReference; lastKnownFileType = sourcecode.c.objc; path = main.m; sourceTree = "<group>"; };
		C9A48154187A642B005CFA27 /* TestNaviController-Prefix.pch */ = {isa = PBXFileReference; lastKnownFileType = sourcecode.c.h; path = "TestNaviController-Prefix.pch"; sourceTree = "<group>"; };
		C9A48155187A642B005CFA27 /* AppDelegate.h */ = {isa = PBXFileReference; lastKnownFileType = sourcecode.c.h; path = AppDelegate.h; sourceTree = "<group>"; };
		C9A48156187A642B005CFA27 /* AppDelegate.m */ = {isa = PBXFileReference; lastKnownFileType = sourcecode.c.objc; path = AppDelegate.m; sourceTree = "<group>"; };
		C9A4815B187A642B005CFA27 /* ViewController.h */ = {isa = PBXFileReference; lastKnownFileType = sourcecode.c.h; path = ViewController.h; sourceTree = "<group>"; };
		C9A4815C187A642B005CFA27 /* ViewController.m */ = {isa = PBXFileReference; lastKnownFileType = sourcecode.c.objc; path = ViewController.m; sourceTree = "<group>"; };
		C9A4815E187A642B005CFA27 /* Images.xcassets */ = {isa = PBXFileReference; lastKnownFileType = folder.assetcatalog; path = Images.xcassets; sourceTree = "<group>"; };
		C9A48164187A642B005CFA27 /* TestNaviControllerTests.xctest */ = {isa = PBXFileReference; explicitFileType = wrapper.cfbundle; includeInIndex = 0; path = TestNaviControllerTests.xctest; sourceTree = BUILT_PRODUCTS_DIR; };
		C9A48165187A642B005CFA27 /* XCTest.framework */ = {isa = PBXFileReference; lastKnownFileType = wrapper.framework; name = XCTest.framework; path = Library/Frameworks/XCTest.framework; sourceTree = DEVELOPER_DIR; };
		C9A4816D187A642B005CFA27 /* TestNaviControllerTests-Info.plist */ = {isa = PBXFileReference; lastKnownFileType = text.plist.xml; path = "TestNaviControllerTests-Info.plist"; sourceTree = "<group>"; };
		C9A4816F187A642B005CFA27 /* en */ = {isa = PBXFileReference; lastKnownFileType = text.plist.strings; name = en; path = en.lproj/InfoPlist.strings; sourceTree = "<group>"; };
		C9A48171187A642B005CFA27 /* TestNaviControllerTests.m */ = {isa = PBXFileReference; lastKnownFileType = sourcecode.c.objc; path = TestNaviControllerTests.m; sourceTree = "<group>"; };
		C9A4817B187A66D4005CFA27 /* ViewController.xib */ = {isa = PBXFileReference; fileEncoding = 4; lastKnownFileType = file.xib; path = ViewController.xib; sourceTree = "<group>"; };
		C9A4817E187A67CB005CFA27 /* NaviController.h */ = {isa = PBXFileReference; fileEncoding = 4; lastKnownFileType = sourcecode.c.h; path = NaviController.h; sourceTree = "<group>"; };
		C9A4817F187A67CB005CFA27 /* NaviController.m */ = {isa = PBXFileReference; fileEncoding = 4; lastKnownFileType = sourcecode.c.objc; path = NaviController.m; sourceTree = "<group>"; };
		C9A48181187A790C005CFA27 /* ViewController2.h */ = {isa = PBXFileReference; fileEncoding = 4; lastKnownFileType = sourcecode.c.h; path = ViewController2.h; sourceTree = "<group>"; };
		C9A48182187A790C005CFA27 /* ViewController2.m */ = {isa = PBXFileReference; fileEncoding = 4; lastKnownFileType = sourcecode.c.objc; path = ViewController2.m; sourceTree = "<group>"; };
		C9A48183187A790C005CFA27 /* ViewController2.xib */ = {isa = PBXFileReference; fileEncoding = 4; lastKnownFileType = file.xib; path = ViewController2.xib; sourceTree = "<group>"; };
/* End PBXFileReference section */

/* Begin PBXFrameworksBuildPhase section */
		C9A48140187A642B005CFA27 /* Frameworks */ = {
			isa = PBXFrameworksBuildPhase;
			buildActionMask = 2147483647;
			files = (
				C9A48149187A642B005CFA27 /* CoreGraphics.framework in Frameworks */,
				C9A4814B187A642B005CFA27 /* UIKit.framework in Frameworks */,
				C9A48147187A642B005CFA27 /* Foundation.framework in Frameworks */,
			);
			runOnlyForDeploymentPostprocessing = 0;
		};
		C9A48161187A642B005CFA27 /* Frameworks */ = {
			isa = PBXFrameworksBuildPhase;
			buildActionMask = 2147483647;
			files = (
				C9A48166187A642B005CFA27 /* XCTest.framework in Frameworks */,
				C9A48168187A642B005CFA27 /* UIKit.framework in Frameworks */,
				C9A48167187A642B005CFA27 /* Foundation.framework in Frameworks */,
			);
			runOnlyForDeploymentPostprocessing = 0;
		};
/* End PBXFrameworksBuildPhase section */

/* Begin PBXGroup section */
		C9A4813A187A642A005CFA27 = {
			isa = PBXGroup;
			children = (
				C9A4814C187A642B005CFA27 /* TestNaviController */,
				C9A4816B187A642B005CFA27 /* TestNaviControllerTests */,
				C9A48145187A642B005CFA27 /* Frameworks */,
				C9A48144187A642B005CFA27 /* Products */,
			);
			sourceTree = "<group>";
		};
		C9A48144187A642B005CFA27 /* Products */ = {
			isa = PBXGroup;
			children = (
				C9A48143187A642B005CFA27 /* TestNaviController.app */,
				C9A48164187A642B005CFA27 /* TestNaviControllerTests.xctest */,
			);
			name = Products;
			sourceTree = "<group>";
		};
		C9A48145187A642B005CFA27 /* Frameworks */ = {
			isa = PBXGroup;
			children = (
				C9A48146187A642B005CFA27 /* Foundation.framework */,
				C9A48148187A642B005CFA27 /* CoreGraphics.framework */,
				C9A4814A187A642B005CFA27 /* UIKit.framework */,
				C9A48165187A642B005CFA27 /* XCTest.framework */,
			);
			name = Frameworks;
			sourceTree = "<group>";
		};
		C9A4814C187A642B005CFA27 /* TestNaviController */ = {
			isa = PBXGroup;
			children = (
				C9A48155187A642B005CFA27 /* AppDelegate.h */,
				C9A48156187A642B005CFA27 /* AppDelegate.m */,
				C9A48186187A7913005CFA27 /* Source */,
				C9A4817D187A67CB005CFA27 /* Classes */,
				C9A4815E187A642B005CFA27 /* Images.xcassets */,
				C9A4814D187A642B005CFA27 /* Supporting Files */,
			);
			path = TestNaviController;
			sourceTree = "<group>";
		};
		C9A4814D187A642B005CFA27 /* Supporting Files */ = {
			isa = PBXGroup;
			children = (
				C9A4814E187A642B005CFA27 /* TestNaviController-Info.plist */,
				C9A4814F187A642B005CFA27 /* InfoPlist.strings */,
				C9A48152187A642B005CFA27 /* main.m */,
				C9A48154187A642B005CFA27 /* TestNaviController-Prefix.pch */,
			);
			name = "Supporting Files";
			sourceTree = "<group>";
		};
		C9A4816B187A642B005CFA27 /* TestNaviControllerTests */ = {
			isa = PBXGroup;
			children = (
				C9A48171187A642B005CFA27 /* TestNaviControllerTests.m */,
				C9A4816C187A642B005CFA27 /* Supporting Files */,
			);
			path = TestNaviControllerTests;
			sourceTree = "<group>";
		};
		C9A4816C187A642B005CFA27 /* Supporting Files */ = {
			isa = PBXGroup;
			children = (
				C9A4816D187A642B005CFA27 /* TestNaviControllerTests-Info.plist */,
				C9A4816E187A642B005CFA27 /* InfoPlist.strings */,
			);
			name = "Supporting Files";
			sourceTree = "<group>";
		};
		C9A4817D187A67CB005CFA27 /* Classes */ = {
			isa = PBXGroup;
			children = (
				C9A4817E187A67CB005CFA27 /* NaviController.h */,
				C9A4817F187A67CB005CFA27 /* NaviController.m */,
			);
			name = Classes;
			path = ../../../Classes;
			sourceTree = "<group>";
		};
		C9A48186187A7913005CFA27 /* Source */ = {
			isa = PBXGroup;
			children = (
				C9A4815B187A642B005CFA27 /* ViewController.h */,
				C9A4815C187A642B005CFA27 /* ViewController.m */,
				C9A4817B187A66D4005CFA27 /* ViewController.xib */,
				C9A48181187A790C005CFA27 /* ViewController2.h */,
				C9A48182187A790C005CFA27 /* ViewController2.m */,
				C9A48183187A790C005CFA27 /* ViewController2.xib */,
			);
			name = Source;
			sourceTree = "<group>";
		};
/* End PBXGroup section */

/* Begin PBXNativeTarget section */
		C9A48142187A642B005CFA27 /* TestNaviController */ = {
			isa = PBXNativeTarget;
			buildConfigurationList = C9A48175187A642B005CFA27 /* Build configuration list for PBXNativeTarget "TestNaviController" */;
			buildPhases = (
				C9A4813F187A642B005CFA27 /* Sources */,
				C9A48140187A642B005CFA27 /* Frameworks */,
				C9A48141187A642B005CFA27 /* Resources */,
			);
			buildRules = (
			);
			dependencies = (
			);
			name = TestNaviController;
			productName = TestNaviController;
			productReference = C9A48143187A642B005CFA27 /* TestNaviController.app */;
			productType = "com.apple.product-type.application";
		};
		C9A48163187A642B005CFA27 /* TestNaviControllerTests */ = {
			isa = PBXNativeTarget;
			buildConfigurationList = C9A48178187A642B005CFA27 /* Build configuration list for PBXNativeTarget "TestNaviControllerTests" */;
			buildPhases = (
				C9A48160187A642B005CFA27 /* Sources */,
				C9A48161187A642B005CFA27 /* Frameworks */,
				C9A48162187A642B005CFA27 /* Resources */,
			);
			buildRules = (
			);
			dependencies = (
				C9A4816A187A642B005CFA27 /* PBXTargetDependency */,
			);
			name = TestNaviControllerTests;
			productName = TestNaviControllerTests;
			productReference = C9A48164187A642B005CFA27 /* TestNaviControllerTests.xctest */;
			productType = "com.apple.product-type.bundle.unit-test";
		};
/* End PBXNativeTarget section */

/* Begin PBXProject section */
		C9A4813B187A642A005CFA27 /* Project object */ = {
			isa = PBXProject;
			attributes = {
				LastUpgradeCheck = 0500;
				ORGANIZATIONNAME = Ma;
				TargetAttributes = {
					C9A48163187A642B005CFA27 = {
						TestTargetID = C9A48142187A642B005CFA27;
					};
				};
			};
			buildConfigurationList = C9A4813E187A642A005CFA27 /* Build configuration list for PBXProject "TestNaviController" */;
			compatibilityVersion = "Xcode 3.2";
			developmentRegion = English;
			hasScannedForEncodings = 0;
			knownRegions = (
				en,
				Base,
			);
			mainGroup = C9A4813A187A642A005CFA27;
			productRefGroup = C9A48144187A642B005CFA27 /* Products */;
			projectDirPath = "";
			projectRoot = "";
			targets = (
				C9A48142187A642B005CFA27 /* TestNaviController */,
				C9A48163187A642B005CFA27 /* TestNaviControllerTests */,
			);
		};
/* End PBXProject section */

/* Begin PBXResourcesBuildPhase section */
		C9A48141187A642B005CFA27 /* Resources */ = {
			isa = PBXResourcesBuildPhase;
			buildActionMask = 2147483647;
			files = (
				C9A4815F187A642B005CFA27 /* Images.xcassets in Resources */,
				C9A48185187A790C005CFA27 /* ViewController2.xib in Resources */,
				C9A4817C187A66D4005CFA27 /* ViewController.xib in Resources */,
				C9A48151187A642B005CFA27 /* InfoPlist.strings in Resources */,
			);
			runOnlyForDeploymentPostprocessing = 0;
		};
		C9A48162187A642B005CFA27 /* Resources */ = {
			isa = PBXResourcesBuildPhase;
			buildActionMask = 2147483647;
			files = (
				C9A48170187A642B005CFA27 /* InfoPlist.strings in Resources */,
			);
			runOnlyForDeploymentPostprocessing = 0;
		};
/* End PBXResourcesBuildPhase section */

/* Begin PBXSourcesBuildPhase section */
		C9A4813F187A642B005CFA27 /* Sources */ = {
			isa = PBXSourcesBuildPhase;
			buildActionMask = 2147483647;
			files = (
				C9A4815D187A642B005CFA27 /* ViewController.m in Sources */,
				C9A48180187A67CB005CFA27 /* NaviController.m in Sources */,
				C9A48184187A790C005CFA27 /* ViewController2.m in Sources */,
				C9A48157187A642B005CFA27 /* AppDelegate.m in Sources */,
				C9A48153187A642B005CFA27 /* main.m in Sources */,
			);
			runOnlyForDeploymentPostprocessing = 0;
		};
		C9A48160187A642B005CFA27 /* Sources */ = {
			isa = PBXSourcesBuildPhase;
			buildActionMask = 2147483647;
			files = (
				C9A48172187A642B005CFA27 /* TestNaviControllerTests.m in Sources */,
			);
			runOnlyForDeploymentPostprocessing = 0;
		};
/* End PBXSourcesBuildPhase section */

/* Begin PBXTargetDependency section */
		C9A4816A187A642B005CFA27 /* PBXTargetDependency */ = {
			isa = PBXTargetDependency;
			target = C9A48142187A642B005CFA27 /* TestNaviController */;
			targetProxy = C9A48169187A642B005CFA27 /* PBXContainerItemProxy */;
		};
/* End PBXTargetDependency section */

/* Begin PBXVariantGroup section */
		C9A4814F187A642B005CFA27 /* InfoPlist.strings */ = {
			isa = PBXVariantGroup;
			children = (
				C9A48150187A642B005CFA27 /* en */,
			);
			name = InfoPlist.strings;
			sourceTree = "<group>";
		};
		C9A4816E187A642B005CFA27 /* InfoPlist.strings */ = {
			isa = PBXVariantGroup;
			children = (
				C9A4816F187A642B005CFA27 /* en */,
			);
			name = InfoPlist.strings;
			sourceTree = "<group>";
		};
/* End PBXVariantGroup section */

/* Begin XCBuildConfiguration section */
		C9A48173187A642B005CFA27 /* Debug */ = {
			isa = XCBuildConfiguration;
			buildSettings = {
				ALWAYS_SEARCH_USER_PATHS = NO;
				ARCHS = "$(ARCHS_STANDARD_INCLUDING_64_BIT)";
				CLANG_CXX_LANGUAGE_STANDARD = "gnu++0x";
				CLANG_CXX_LIBRARY = "libc++";
				CLANG_ENABLE_MODULES = YES;
				CLANG_ENABLE_OBJC_ARC = YES;
				CLANG_WARN_BOOL_CONVERSION = YES;
				CLANG_WARN_CONSTANT_CONVERSION = YES;
				CLANG_WARN_DIRECT_OBJC_ISA_USAGE = YES_ERROR;
				CLANG_WARN_EMPTY_BODY = YES;
				CLANG_WARN_ENUM_CONVERSION = YES;
				CLANG_WARN_INT_CONVERSION = YES;
				CLANG_WARN_OBJC_ROOT_CLASS = YES_ERROR;
				CLANG_WARN__DUPLICATE_METHOD_MATCH = YES;
				"CODE_SIGN_IDENTITY[sdk=iphoneos*]" = "iPhone Developer";
				COPY_PHASE_STRIP = NO;
				GCC_C_LANGUAGE_STANDARD = gnu99;
				GCC_DYNAMIC_NO_PIC = NO;
				GCC_OPTIMIZATION_LEVEL = 0;
				GCC_PREPROCESSOR_DEFINITIONS = (
					"DEBUG=1",
					"$(inherited)",
				);
				GCC_SYMBOLS_PRIVATE_EXTERN = NO;
				GCC_WARN_64_TO_32_BIT_CONVERSION = YES;
				GCC_WARN_ABOUT_RETURN_TYPE = YES_ERROR;
				GCC_WARN_UNDECLARED_SELECTOR = YES;
				GCC_WARN_UNINITIALIZED_AUTOS = YES;
				GCC_WARN_UNUSED_FUNCTION = YES;
				GCC_WARN_UNUSED_VARIABLE = YES;
				IPHONEOS_DEPLOYMENT_TARGET = 7.0;
				ONLY_ACTIVE_ARCH = YES;
				SDKROOT = iphoneos;
			};
			name = Debug;
		};
		C9A48174187A642B005CFA27 /* Release */ = {
			isa = XCBuildConfiguration;
			buildSettings = {
				ALWAYS_SEARCH_USER_PATHS = NO;
				ARCHS = "$(ARCHS_STANDARD_INCLUDING_64_BIT)";
				CLANG_CXX_LANGUAGE_STANDARD = "gnu++0x";
				CLANG_CXX_LIBRARY = "libc++";
				CLANG_ENABLE_MODULES = YES;
				CLANG_ENABLE_OBJC_ARC = YES;
				CLANG_WARN_BOOL_CONVERSION = YES;
				CLANG_WARN_CONSTANT_CONVERSION = YES;
				CLANG_WARN_DIRECT_OBJC_ISA_USAGE = YES_ERROR;
				CLANG_WARN_EMPTY_BODY = YES;
				CLANG_WARN_ENUM_CONVERSION = YES;
				CLANG_WARN_INT_CONVERSION = YES;
				CLANG_WARN_OBJC_ROOT_CLASS = YES_ERROR;
				CLANG_WARN__DUPLICATE_METHOD_MATCH = YES;
				"CODE_SIGN_IDENTITY[sdk=iphoneos*]" = "iPhone Developer";
				COPY_PHASE_STRIP = YES;
				ENABLE_NS_ASSERTIONS = NO;
				GCC_C_LANGUAGE_STANDARD = gnu99;
				GCC_WARN_64_TO_32_BIT_CONVERSION = YES;
				GCC_WARN_ABOUT_RETURN_TYPE = YES_ERROR;
				GCC_WARN_UNDECLARED_SELECTOR = YES;
				GCC_WARN_UNINITIALIZED_AUTOS = YES;
				GCC_WARN_UNUSED_FUNCTION = YES;
				GCC_WARN_UNUSED_VARIABLE = YES;
				IPHONEOS_DEPLOYMENT_TARGET = 7.0;
				SDKROOT = iphoneos;
				VALIDATE_PRODUCT = YES;
			};
			name = Release;
		};
		C9A48176187A642B005CFA27 /* Debug */ = {
			isa = XCBuildConfiguration;
			buildSettings = {
				ASSETCATALOG_COMPILER_APPICON_NAME = AppIcon;
				ASSETCATALOG_COMPILER_LAUNCHIMAGE_NAME = LaunchImage;
				GCC_PRECOMPILE_PREFIX_HEADER = YES;
				GCC_PREFIX_HEADER = "TestNaviController/TestNaviController-Prefix.pch";
				INFOPLIST_FILE = "TestNaviController/TestNaviController-Info.plist";
				PRODUCT_NAME = "$(TARGET_NAME)";
				WRAPPER_EXTENSION = app;
			};
			name = Debug;
		};
		C9A48177187A642B005CFA27 /* Release */ = {
			isa = XCBuildConfiguration;
			buildSettings = {
				ASSETCATALOG_COMPILER_APPICON_NAME = AppIcon;
				ASSETCATALOG_COMPILER_LAUNCHIMAGE_NAME = LaunchImage;
				GCC_PRECOMPILE_PREFIX_HEADER = YES;
				GCC_PREFIX_HEADER = "TestNaviController/TestNaviController-Prefix.pch";
				INFOPLIST_FILE = "TestNaviController/TestNaviController-Info.plist";
				PRODUCT_NAME = "$(TARGET_NAME)";
				WRAPPER_EXTENSION = app;
			};
			name = Release;
		};
		C9A48179187A642B005CFA27 /* Debug */ = {
			isa = XCBuildConfiguration;
			buildSettings = {
				ARCHS = "$(ARCHS_STANDARD_INCLUDING_64_BIT)";
				BUNDLE_LOADER = "$(BUILT_PRODUCTS_DIR)/TestNaviController.app/TestNaviController";
				FRAMEWORK_SEARCH_PATHS = (
					"$(SDKROOT)/Developer/Library/Frameworks",
					"$(inherited)",
					"$(DEVELOPER_FRAMEWORKS_DIR)",
				);
				GCC_PRECOMPILE_PREFIX_HEADER = YES;
				GCC_PREFIX_HEADER = "TestNaviController/TestNaviController-Prefix.pch";
				GCC_PREPROCESSOR_DEFINITIONS = (
					"DEBUG=1",
					"$(inherited)",
				);
				INFOPLIST_FILE = "TestNaviControllerTests/TestNaviControllerTests-Info.plist";
				PRODUCT_NAME = "$(TARGET_NAME)";
				TEST_HOST = "$(BUNDLE_LOADER)";
				WRAPPER_EXTENSION = xctest;
			};
			name = Debug;
		};
		C9A4817A187A642B005CFA27 /* Release */ = {
			isa = XCBuildConfiguration;
			buildSettings = {
				ARCHS = "$(ARCHS_STANDARD_INCLUDING_64_BIT)";
				BUNDLE_LOADER = "$(BUILT_PRODUCTS_DIR)/TestNaviController.app/TestNaviController";
				FRAMEWORK_SEARCH_PATHS = (
					"$(SDKROOT)/Developer/Library/Frameworks",
					"$(inherited)",
					"$(DEVELOPER_FRAMEWORKS_DIR)",
				);
				GCC_PRECOMPILE_PREFIX_HEADER = YES;
				GCC_PREFIX_HEADER = "TestNaviController/TestNaviController-Prefix.pch";
				INFOPLIST_FILE = "TestNaviControllerTests/TestNaviControllerTests-Info.plist";
				PRODUCT_NAME = "$(TARGET_NAME)";
				TEST_HOST = "$(BUNDLE_LOADER)";
				WRAPPER_EXTENSION = xctest;
			};
			name = Release;
		};
/* End XCBuildConfiguration section */

/* Begin XCConfigurationList section */
		C9A4813E187A642A005CFA27 /* Build configuration list for PBXProject "TestNaviController" */ = {
			isa = XCConfigurationList;
			buildConfigurations = (
				C9A48173187A642B005CFA27 /* Debug */,
				C9A48174187A642B005CFA27 /* Release */,
			);
			defaultConfigurationIsVisible = 0;
			defaultConfigurationName = Release;
		};
		C9A48175187A642B005CFA27 /* Build configuration list for PBXNativeTarget "TestNaviController" */ = {
			isa = XCConfigurationList;
			buildConfigurations = (
				C9A48176187A642B005CFA27 /* Debug */,
				C9A48177187A642B005CFA27 /* Release */,
			);
			defaultConfigurationIsVisible = 0;
		};
		C9A48178187A642B005CFA27 /* Build configuration list for PBXNativeTarget "TestNaviControllerTests" */ = {
			isa = XCConfigurationList;
			buildConfigurations = (
				C9A48179187A642B005CFA27 /* Debug */,
				C9A4817A187A642B005CFA27 /* Release */,
			);
			defaultConfigurationIsVisible = 0;
		};
/* End XCConfigurationList section */
	};
	rootObject = C9A4813B187A642A005CFA27 /* Project object */;
}
